{
  "version": 4,
  "terraform_version": "1.4.2",
  "serial": 3,
  "lineage": "05246a2a-272f-1fd4-e509-068c519e4633",
  "outputs": {},
  "resources": [
    {
      "mode": "data",
      "type": "local_file",
      "name": "foo",
      "provider": "provider[\"registry.terraform.io/hashicorp/local\"]",
      "instances": [
        {
          "schema_version": 0,
          "attributes": {
            "content": "data source test",
            "content_base64": "ZGF0YSBzb3VyY2UgdGVzdA==",
            "content_base64sha256": "UjckkUs5DKuFPcnnxcsEx3PF+mIJGwvs83+rVEcdBK4=",
            "content_base64sha512": "Dt/1kE6Em2E4CE5QUJ8gyc/1K6gKINSvveeMO/nUavTmsTxDgloERKfjp6jglfP8uS1zznTpEIDQMaFJ9ge3gg==",
            "content_md5": "44f78e9518f543dc9ed0bc15d60ba09e",
            "content_sha1": "a011cc288da7b86015aeaa9fa0c3ae883c7669f1",
            "content_sha256": "523724914b390cab853dc9e7c5cb04c773c5fa62091b0becf37fab54471d04ae",
            "content_sha512": "0edff5904e849b6138084e50509f20c9cff52ba80a20d4afbde78c3bf9d46af4e6b13c43825a0444a7e3a7a8e095f3fcb92d73ce74e91080d031a149f607b782",
            "filename": "./data",
            "id": "a011cc288da7b86015aeaa9fa0c3ae883c7669f1"
          },
          "sensitive_attributes": []
        }
      ]
    },
    {
      "mode": "managed",
      "type": "local_file",
      "name": "foo",
      "provider": "provider[\"registry.terraform.io/hashicorp/local\"]",
      "instances": [
        {
          "schema_version": 0,
          "attributes": {
            "content": "data source test",
            "content_base64": null,
            "content_base64sha256": "UjckkUs5DKuFPcnnxcsEx3PF+mIJGwvs83+rVEcdBK4=",
            "content_base64sha512": "Dt/1kE6Em2E4CE5QUJ8gyc/1K6gKINSvveeMO/nUavTmsTxDgloERKfjp6jglfP8uS1zznTpEIDQMaFJ9ge3gg==",
            "content_md5": "44f78e9518f543dc9ed0bc15d60ba09e",
            "content_sha1": "a011cc288da7b86015aeaa9fa0c3ae883c7669f1",
            "content_sha256": "523724914b390cab853dc9e7c5cb04c773c5fa62091b0becf37fab54471d04ae",
            "content_sha512": "0edff5904e849b6138084e50509f20c9cff52ba80a20d4afbde78c3bf9d46af4e6b13c43825a0444a7e3a7a8e095f3fcb92d73ce74e91080d031a149f607b782",
            "directory_permission": "0777",
            "file_permission": "0777",
            "filename": "./foo.bar",
            "id": "a011cc288da7b86015aeaa9fa0c3ae883c7669f1",
            "sensitive_content": null,
            "source": null
          },
          "sensitive_attributes": [],
          "dependencies": [
            "data.local_file.foo"
          ]
        }
      ]
    }
  ],
  "check_results": null
}
